// !$*UTF8*$!
{
	archiveVersion = 1;
	classes = {
	};
	objectVersion = 56;
	objects = {

/* Begin PBXBuildFile section */
		18616AF32B90EE54007079AE /* MemberTableViewCell.swift in Sources */ = {isa = PBXBuildFile; fileRef = 18616AF22B90EE54007079AE /* MemberTableViewCell.swift */; };
		18616AF52B90EF89007079AE /* MemeberListController.swift in Sources */ = {isa = PBXBuildFile; fileRef = 18616AF42B90EF89007079AE /* MemeberListController.swift */; };
		18A08E912B865BA7004F1D72 /* AppDelegate.swift in Sources */ = {isa = PBXBuildFile; fileRef = 18A08E902B865BA7004F1D72 /* AppDelegate.swift */; };
		18A08E932B865BA7004F1D72 /* SceneDelegate.swift in Sources */ = {isa = PBXBuildFile; fileRef = 18A08E922B865BA7004F1D72 /* SceneDelegate.swift */; };
		18A08E952B865BA7004F1D72 /* ViewController.swift in Sources */ = {isa = PBXBuildFile; fileRef = 18A08E942B865BA7004F1D72 /* ViewController.swift */; };
		18A08E982B865BA7004F1D72 /* Main.storyboard in Resources */ = {isa = PBXBuildFile; fileRef = 18A08E962B865BA7004F1D72 /* Main.storyboard */; };
		18A08E9B2B865BA7004F1D72 /* feb21SimplePage.xcdatamodeld in Sources */ = {isa = PBXBuildFile; fileRef = 18A08E992B865BA7004F1D72 /* feb21SimplePage.xcdatamodeld */; };
		18A08E9D2B865BA8004F1D72 /* Assets.xcassets in Resources */ = {isa = PBXBuildFile; fileRef = 18A08E9C2B865BA8004F1D72 /* Assets.xcassets */; };
		18A08EA02B865BA8004F1D72 /* LaunchScreen.storyboard in Resources */ = {isa = PBXBuildFile; fileRef = 18A08E9E2B865BA8004F1D72 /* LaunchScreen.storyboard */; };
		18A08EA92B89007A004F1D72 /* Member+CoreDataClass.swift in Sources */ = {isa = PBXBuildFile; fileRef = 18A08EA72B89007A004F1D72 /* Member+CoreDataClass.swift */; };
		18A08EAA2B89007A004F1D72 /* Member+CoreDataProperties.swift in Sources */ = {isa = PBXBuildFile; fileRef = 18A08EA82B89007A004F1D72 /* Member+CoreDataProperties.swift */; };
/* End PBXBuildFile section */

/* Begin PBXFileReference section */
		18616AF22B90EE54007079AE /* MemberTableViewCell.swift */ = {isa = PBXFileReference; lastKnownFileType = sourcecode.swift; path = MemberTableViewCell.swift; sourceTree = "<group>"; };
		18616AF42B90EF89007079AE /* MemeberListController.swift */ = {isa = PBXFileReference; lastKnownFileType = sourcecode.swift; path = MemeberListController.swift; sourceTree = "<group>"; };
		18A08E8D2B865BA7004F1D72 /* feb21SimplePage.app */ = {isa = PBXFileReference; explicitFileType = wrapper.application; includeInIndex = 0; path = feb21SimplePage.app; sourceTree = BUILT_PRODUCTS_DIR; };
		18A08E902B865BA7004F1D72 /* AppDelegate.swift */ = {isa = PBXFileReference; lastKnownFileType = sourcecode.swift; path = AppDelegate.swift; sourceTree = "<group>"; };
		18A08E922B865BA7004F1D72 /* SceneDelegate.swift */ = {isa = PBXFileReference; lastKnownFileType = sourcecode.swift; path = SceneDelegate.swift; sourceTree = "<group>"; };
		18A08E942B865BA7004F1D72 /* ViewController.swift */ = {isa = PBXFileReference; lastKnownFileType = sourcecode.swift; path = ViewController.swift; sourceTree = "<group>"; };
		18A08E972B865BA7004F1D72 /* Base */ = {isa = PBXFileReference; lastKnownFileType = file.storyboard; name = Base; path = Base.lproj/Main.storyboard; sourceTree = "<group>"; };
		18A08E9A2B865BA7004F1D72 /* feb21SimplePage.xcdatamodel */ = {isa = PBXFileReference; lastKnownFileType = wrapper.xcdatamodel; path = feb21SimplePage.xcdatamodel; sourceTree = "<group>"; };
		18A08E9C2B865BA8004F1D72 /* Assets.xcassets */ = {isa = PBXFileReference; lastKnownFileType = folder.assetcatalog; path = Assets.xcassets; sourceTree = "<group>"; };
		18A08E9F2B865BA8004F1D72 /* Base */ = {isa = PBXFileReference; lastKnownFileType = file.storyboard; name = Base; path = Base.lproj/LaunchScreen.storyboard; sourceTree = "<group>"; };
		18A08EA12B865BA8004F1D72 /* Info.plist */ = {isa = PBXFileReference; lastKnownFileType = text.plist.xml; path = Info.plist; sourceTree = "<group>"; };
		18A08EA72B89007A004F1D72 /* Member+CoreDataClass.swift */ = {isa = PBXFileReference; lastKnownFileType = sourcecode.swift; name = "Member+CoreDataClass.swift"; path = "feb21SimplePage/Member+CoreDataClass.swift"; sourceTree = "<group>"; };
		18A08EA82B89007A004F1D72 /* Member+CoreDataProperties.swift */ = {isa = PBXFileReference; lastKnownFileType = sourcecode.swift; name = "Member+CoreDataProperties.swift"; path = "feb21SimplePage/Member+CoreDataProperties.swift"; sourceTree = "<group>"; };
/* End PBXFileReference section */

/* Begin PBXFrameworksBuildPhase section */
		18A08E8A2B865BA7004F1D72 /* Frameworks */ = {
			isa = PBXFrameworksBuildPhase;
			buildActionMask = 2147483647;
			files = (
			);
			runOnlyForDeploymentPostprocessing = 0;
		};
/* End PBXFrameworksBuildPhase section */

/* Begin PBXGroup section */
		18A08E842B865BA7004F1D72 = {
			isa = PBXGroup;
			children = (
				18616AF42B90EF89007079AE /* MemeberListController.swift */,
				18A08EA72B89007A004F1D72 /* Member+CoreDataClass.swift */,
				18A08EA82B89007A004F1D72 /* Member+CoreDataProperties.swift */,
				18A08E8F2B865BA7004F1D72 /* feb21SimplePage */,
				18A08E8E2B865BA7004F1D72 /* Products */,
			);
			sourceTree = "<group>";
		};
		18A08E8E2B865BA7004F1D72 /* Products */ = {
			isa = PBXGroup;
			children = (
				18A08E8D2B865BA7004F1D72 /* feb21SimplePage.app */,
			);
			name = Products;
			sourceTree = "<group>";
		};
		18A08E8F2B865BA7004F1D72 /* feb21SimplePage */ = {
			isa = PBXGroup;
			children = (
				18A08E902B865BA7004F1D72 /* AppDelegate.swift */,
				18A08E922B865BA7004F1D72 /* SceneDelegate.swift */,
				18A08E942B865BA7004F1D72 /* ViewController.swift */,
				18A08E962B865BA7004F1D72 /* Main.storyboard */,
				18A08E9C2B865BA8004F1D72 /* Assets.xcassets */,
				18A08E9E2B865BA8004F1D72 /* LaunchScreen.storyboard */,
				18A08EA12B865BA8004F1D72 /* Info.plist */,
				18A08E992B865BA7004F1D72 /* feb21SimplePage.xcdatamodeld */,
				18616AF22B90EE54007079AE /* MemberTableViewCell.swift */,
			);
			path = feb21SimplePage;
			sourceTree = "<group>";
		};
/* End PBXGroup section */

/* Begin PBXNativeTarget section */
		18A08E8C2B865BA7004F1D72 /* feb21SimplePage */ = {
			isa = PBXNativeTarget;
			buildConfigurationList = 18A08EA42B865BA8004F1D72 /* Build configuration list for PBXNativeTarget "feb21SimplePage" */;
			buildPhases = (
				18A08E892B865BA7004F1D72 /* Sources */,
				18A08E8A2B865BA7004F1D72 /* Frameworks */,
				18A08E8B2B865BA7004F1D72 /* Resources */,
			);
			buildRules = (
			);
			dependencies = (
			);
			name = feb21SimplePage;
			productName = feb21SimplePage;
			productReference = 18A08E8D2B865BA7004F1D72 /* feb21SimplePage.app */;
			productType = "com.apple.product-type.application";
		};
/* End PBXNativeTarget section */

/* Begin PBXProject section */
		18A08E852B865BA7004F1D72 /* Project object */ = {
			isa = PBXProject;
			attributes = {
				BuildIndependentTargetsInParallel = 1;
				LastSwiftUpdateCheck = 1520;
				LastUpgradeCheck = 1520;
				TargetAttributes = {
					18A08E8C2B865BA7004F1D72 = {
						CreatedOnToolsVersion = 15.2;
					};
				};
			};
			buildConfigurationList = 18A08E882B865BA7004F1D72 /* Build configuration list for PBXProject "feb21SimplePage" */;
			compatibilityVersion = "Xcode 14.0";
			developmentRegion = en;
			hasScannedForEncodings = 0;
			knownRegions = (
				en,
				Base,
			);
			mainGroup = 18A08E842B865BA7004F1D72;
			productRefGroup = 18A08E8E2B865BA7004F1D72 /* Products */;
			projectDirPath = "";
			projectRoot = "";
			targets = (
				18A08E8C2B865BA7004F1D72 /* feb21SimplePage */,
			);
		};
/* End PBXProject section */

/* Begin PBXResourcesBuildPhase section */
		18A08E8B2B865BA7004F1D72 /* Resources */ = {
			isa = PBXResourcesBuildPhase;
			buildActionMask = 2147483647;
			files = (
				18A08EA02B865BA8004F1D72 /* LaunchScreen.storyboard in Resources */,
				18A08E9D2B865BA8004F1D72 /* Assets.xcassets in Resources */,
				18A08E982B865BA7004F1D72 /* Main.storyboard in Resources */,
			);
			runOnlyForDeploymentPostprocessing = 0;
		};
/* End PBXResourcesBuildPhase section */

/* Begin PBXSourcesBuildPhase section */
		18A08E892B865BA7004F1D72 /* Sources */ = {
			isa = PBXSourcesBuildPhase;
			buildActionMask = 2147483647;
			files = (
				18A08E952B865BA7004F1D72 /* ViewController.swift in Sources */,
				18A08E912B865BA7004F1D72 /* AppDelegate.swift in Sources */,
				18A08E932B865BA7004F1D72 /* SceneDelegate.swift in Sources */,
				18616AF52B90EF89007079AE /* MemeberListController.swift in Sources */,
				18616AF32B90EE54007079AE /* MemberTableViewCell.swift in Sources */,
				18A08EAA2B89007A004F1D72 /* Member+CoreDataProperties.swift in Sources */,
				18A08E9B2B865BA7004F1D72 /* feb21SimplePage.xcdatamodeld in Sources */,
				18A08EA92B89007A004F1D72 /* Member+CoreDataClass.swift in Sources */,
			);
			runOnlyForDeploymentPostprocessing = 0;
		};
/* End PBXSourcesBuildPhase section */

/* Begin PBXVariantGroup section */
		18A08E962B865BA7004F1D72 /* Main.storyboard */ = {
			isa = PBXVariantGroup;
			children = (
				18A08E972B865BA7004F1D72 /* Base */,
			);
			name = Main.storyboard;
			sourceTree = "<group>";
		};
		18A08E9E2B865BA8004F1D72 /* LaunchScreen.storyboard */ = {
			isa = PBXVariantGroup;
			children = (
				18A08E9F2B865BA8004F1D72 /* Base */,
			);
			name = LaunchScreen.storyboard;
			sourceTree = "<group>";
		};
/* End PBXVariantGroup section */

/* Begin XCBuildConfiguration section */
		18A08EA22B865BA8004F1D72 /* Debug */ = {
			isa = XCBuildConfiguration;
			buildSettings = {
				ALWAYS_SEARCH_USER_PATHS = NO;
				ASSETCATALOG_COMPILER_GENERATE_SWIFT_ASSET_SYMBOL_EXTENSIONS = YES;
				CLANG_ANALYZER_NONNULL = YES;
				CLANG_ANALYZER_NUMBER_OBJECT_CONVERSION = YES_AGGRESSIVE;
				CLANG_CXX_LANGUAGE_STANDARD = "gnu++20";
				CLANG_ENABLE_MODULES = YES;
				CLANG_ENABLE_OBJC_ARC = YES;
				CLANG_ENABLE_OBJC_WEAK = YES;
				CLANG_WARN_BLOCK_CAPTURE_AUTORELEASING = YES;
				CLANG_WARN_BOOL_CONVERSION = YES;
				CLANG_WARN_COMMA = YES;
				CLANG_WARN_CONSTANT_CONVERSION = YES;
				CLANG_WARN_DEPRECATED_OBJC_IMPLEMENTATIONS = YES;
				CLANG_WARN_DIRECT_OBJC_ISA_USAGE = YES_ERROR;
				CLANG_WARN_DOCUMENTATION_COMMENTS = YES;
				CLANG_WARN_EMPTY_BODY = YES;
				CLANG_WARN_ENUM_CONVERSION = YES;
				CLANG_WARN_INFINITE_RECURSION = YES;
				CLANG_WARN_INT_CONVERSION = YES;
				CLANG_WARN_NON_LITERAL_NULL_CONVERSION = YES;
				CLANG_WARN_OBJC_IMPLICIT_RETAIN_SELF = YES;
				CLANG_WARN_OBJC_LITERAL_CONVERSION = YES;
				CLANG_WARN_OBJC_ROOT_CLASS = YES_ERROR;
				CLANG_WARN_QUOTED_INCLUDE_IN_FRAMEWORK_HEADER = YES;
				CLANG_WARN_RANGE_LOOP_ANALYSIS = YES;
				CLANG_WARN_STRICT_PROTOTYPES = YES;
				CLANG_WARN_SUSPICIOUS_MOVE = YES;
				CLANG_WARN_UNGUARDED_AVAILABILITY = YES_AGGRESSIVE;
				CLANG_WARN_UNREACHABLE_CODE = YES;
				CLANG_WARN__DUPLICATE_METHOD_MATCH = YES;
				COPY_PHASE_STRIP = NO;
				DEBUG_INFORMATION_FORMAT = dwarf;
				ENABLE_STRICT_OBJC_MSGSEND = YES;
				ENABLE_TESTABILITY = YES;
				ENABLE_USER_SCRIPT_SANDBOXING = YES;
				GCC_C_LANGUAGE_STANDARD = gnu17;
				GCC_DYNAMIC_NO_PIC = NO;
				GCC_NO_COMMON_BLOCKS = YES;
				GCC_OPTIMIZATION_LEVEL = 0;
				GCC_PREPROCESSOR_DEFINITIONS = (
					"DEBUG=1",
					"$(inherited)",
				);
				GCC_WARN_64_TO_32_BIT_CONVERSION = YES;
				GCC_WARN_ABOUT_RETURN_TYPE = YES_ERROR;
				GCC_WARN_UNDECLARED_SELECTOR = YES;
				GCC_WARN_UNINITIALIZED_AUTOS = YES_AGGRESSIVE;
				GCC_WARN_UNUSED_FUNCTION = YES;
				GCC_WARN_UNUSED_VARIABLE = YES;
				IPHONEOS_DEPLOYMENT_TARGET = 17.2;
				LOCALIZATION_PREFERS_STRING_CATALOGS = YES;
				MTL_ENABLE_DEBUG_INFO = INCLUDE_SOURCE;
				MTL_FAST_MATH = YES;
				ONLY_ACTIVE_ARCH = YES;
				SDKROOT = iphoneos;
				SWIFT_ACTIVE_COMPILATION_CONDITIONS = "DEBUG $(inherited)";
				SWIFT_OPTIMIZATION_LEVEL = "-Onone";
			};
			name = Debug;
		};
		18A08EA32B865BA8004F1D72 /* Release */ = {
			isa = XCBuildConfiguration;
			buildSettings = {
				ALWAYS_SEARCH_USER_PATHS = NO;
				ASSETCATALOG_COMPILER_GENERATE_SWIFT_ASSET_SYMBOL_EXTENSIONS = YES;
				CLANG_ANALYZER_NONNULL = YES;
				CLANG_ANALYZER_NUMBER_OBJECT_CONVERSION = YES_AGGRESSIVE;
				CLANG_CXX_LANGUAGE_STANDARD = "gnu++20";
				CLANG_ENABLE_MODULES = YES;
				CLANG_ENABLE_OBJC_ARC = YES;
				CLANG_ENABLE_OBJC_WEAK = YES;
				CLANG_WARN_BLOCK_CAPTURE_AUTORELEASING = YES;
				CLANG_WARN_BOOL_CONVERSION = YES;
				CLANG_WARN_COMMA = YES;
				CLANG_WARN_CONSTANT_CONVERSION = YES;
				CLANG_WARN_DEPRECATED_OBJC_IMPLEMENTATIONS = YES;
				CLANG_WARN_DIRECT_OBJC_ISA_USAGE = YES_ERROR;
				CLANG_WARN_DOCUMENTATION_COMMENTS = YES;
				CLANG_WARN_EMPTY_BODY = YES;
				CLANG_WARN_ENUM_CONVERSION = YES;
				CLANG_WARN_INFINITE_RECURSION = YES;
				CLANG_WARN_INT_CONVERSION = YES;
				CLANG_WARN_NON_LITERAL_NULL_CONVERSION = YES;
				CLANG_WARN_OBJC_IMPLICIT_RETAIN_SELF = YES;
				CLANG_WARN_OBJC_LITERAL_CONVERSION = YES;
				CLANG_WARN_OBJC_ROOT_CLASS = YES_ERROR;
				CLANG_WARN_QUOTED_INCLUDE_IN_FRAMEWORK_HEADER = YES;
				CLANG_WARN_RANGE_LOOP_ANALYSIS = YES;
				CLANG_WARN_STRICT_PROTOTYPES = YES;
				CLANG_WARN_SUSPICIOUS_MOVE = YES;
				CLANG_WARN_UNGUARDED_AVAILABILITY = YES_AGGRESSIVE;
				CLANG_WARN_UNREACHABLE_CODE = YES;
				CLANG_WARN__DUPLICATE_METHOD_MATCH = YES;
				COPY_PHASE_STRIP = NO;
				DEBUG_INFORMATION_FORMAT = "dwarf-with-dsym";
				ENABLE_NS_ASSERTIONS = NO;
				ENABLE_STRICT_OBJC_MSGSEND = YES;
				ENABLE_USER_SCRIPT_SANDBOXING = YES;
				GCC_C_LANGUAGE_STANDARD = gnu17;
				GCC_NO_COMMON_BLOCKS = YES;
				GCC_WARN_64_TO_32_BIT_CONVERSION = YES;
				GCC_WARN_ABOUT_RETURN_TYPE = YES_ERROR;
				GCC_WARN_UNDECLARED_SELECTOR = YES;
				GCC_WARN_UNINITIALIZED_AUTOS = YES_AGGRESSIVE;
				GCC_WARN_UNUSED_FUNCTION = YES;
				GCC_WARN_UNUSED_VARIABLE = YES;
				IPHONEOS_DEPLOYMENT_TARGET = 17.2;
				LOCALIZATION_PREFERS_STRING_CATALOGS = YES;
				MTL_ENABLE_DEBUG_INFO = NO;
				MTL_FAST_MATH = YES;
				SDKROOT = iphoneos;
				SWIFT_COMPILATION_MODE = wholemodule;
				VALIDATE_PRODUCT = YES;
			};
			name = Release;
		};
		18A08EA52B865BA8004F1D72 /* Debug */ = {
			isa = XCBuildConfiguration;
			buildSettings = {
				ASSETCATALOG_COMPILER_APPICON_NAME = AppIcon;
				ASSETCATALOG_COMPILER_GLOBAL_ACCENT_COLOR_NAME = AccentColor;
				CODE_SIGN_STYLE = Automatic;
				CURRENT_PROJECT_VERSION = 1;
				GENERATE_INFOPLIST_FILE = YES;
				INFOPLIST_FILE = feb21SimplePage/Info.plist;
				INFOPLIST_KEY_UIApplicationSupportsIndirectInputEvents = YES;
				INFOPLIST_KEY_UILaunchStoryboardName = LaunchScreen;
				INFOPLIST_KEY_UIMainStoryboardFile = Main;
				INFOPLIST_KEY_UISupportedInterfaceOrientations_iPad = "UIInterfaceOrientationPortrait UIInterfaceOrientationPortraitUpsideDown UIInterfaceOrientationLandscapeLeft UIInterfaceOrientationLandscapeRight";
				INFOPLIST_KEY_UISupportedInterfaceOrientations_iPhone = "UIInterfaceOrientationPortrait UIInterfaceOrientationLandscapeLeft UIInterfaceOrientationLandscapeRight";
				LD_RUNPATH_SEARCH_PATHS = (
					"$(inherited)",
					"@executable_path/Frameworks",
				);
				MARKETING_VERSION = 1.0;
				PRODUCT_BUNDLE_IDENTIFIER = com.sukanya.feb21SimplePage;
				PRODUCT_NAME = "$(TARGET_NAME)";
				SWIFT_EMIT_LOC_STRINGS = YES;
				SWIFT_VERSION = 5.0;
				TARGETED_DEVICE_FAMILY = "1,2";
			};
			name = Debug;
		};
		18A08EA62B865BA8004F1D72 /* Release */ = {
			isa = XCBuildConfiguration;
			buildSettings = {
				ASSETCATALOG_COMPILER_APPICON_NAME = AppIcon;
				ASSETCATALOG_COMPILER_GLOBAL_ACCENT_COLOR_NAME = AccentColor;
				CODE_SIGN_STYLE = Automatic;
				CURRENT_PROJECT_VERSION = 1;
				GENERATE_INFOPLIST_FILE = YES;
				INFOPLIST_FILE = feb21SimplePage/Info.plist;
				INFOPLIST_KEY_UIApplicationSupportsIndirectInputEvents = YES;
				INFOPLIST_KEY_UILaunchStoryboardName = LaunchScreen;
				INFOPLIST_KEY_UIMainStoryboardFile = Main;
				INFOPLIST_KEY_UISupportedInterfaceOrientations_iPad = "UIInterfaceOrientationPortrait UIInterfaceOrientationPortraitUpsideDown UIInterfaceOrientationLandscapeLeft UIInterfaceOrientationLandscapeRight";
				INFOPLIST_KEY_UISupportedInterfaceOrientations_iPhone = "UIInterfaceOrientationPortrait UIInterfaceOrientationLandscapeLeft UIInterfaceOrientationLandscapeRight";
				LD_RUNPATH_SEARCH_PATHS = (
					"$(inherited)",
					"@executable_path/Frameworks",
				);
				MARKETING_VERSION = 1.0;
				PRODUCT_BUNDLE_IDENTIFIER = com.sukanya.feb21SimplePage;
				PRODUCT_NAME = "$(TARGET_NAME)";
				SWIFT_EMIT_LOC_STRINGS = YES;
				SWIFT_VERSION = 5.0;
				TARGETED_DEVICE_FAMILY = "1,2";
			};
			name = Release;
		};
/* End XCBuildConfiguration section */

/* Begin XCConfigurationList section */
		18A08E882B865BA7004F1D72 /* Build configuration list for PBXProject "feb21SimplePage" */ = {
			isa = XCConfigurationList;
			buildConfigurations = (
				18A08EA22B865BA8004F1D72 /* Debug */,
				18A08EA32B865BA8004F1D72 /* Release */,
			);
			defaultConfigurationIsVisible = 0;
			defaultConfigurationName = Release;
		};
		18A08EA42B865BA8004F1D72 /* Build configuration list for PBXNativeTarget "feb21SimplePage" */ = {
			isa = XCConfigurationList;
			buildConfigurations = (
				18A08EA52B865BA8004F1D72 /* Debug */,
				18A08EA62B865BA8004F1D72 /* Release */,
			);
			defaultConfigurationIsVisible = 0;
			defaultConfigurationName = Release;
		};
/* End XCConfigurationList section */

/* Begin XCVersionGroup section */
		18A08E992B865BA7004F1D72 /* feb21SimplePage.xcdatamodeld */ = {
			isa = XCVersionGroup;
			children = (
				18A08E9A2B865BA7004F1D72 /* feb21SimplePage.xcdatamodel */,
			);
			currentVersion = 18A08E9A2B865BA7004F1D72 /* feb21SimplePage.xcdatamodel */;
			path = feb21SimplePage.xcdatamodeld;
			sourceTree = "<group>";
			versionGroupType = wrapper.xcdatamodel;
		};
/* End XCVersionGroup section */
	};
	rootObject = 18A08E852B865BA7004F1D72 /* Project object */;
}
